
Microsoft Visual Studio Solution File, Format Version 9.00
# Visual Studio 2005
Project("{FAE04EC0-301F-11D3-BF4B-00C04F79EFBC}") = "libslupdater", "libslupdater.csproj", "{9707686C-61AB-4DDB-8437-A11A36B61A81}"
EndProject
Global
	GlobalSection(SolutionConfigurationPlatforms) = preSolution
		Debug|Any CPU = Debug|Any CPU
		Release|Any CPU = Release|Any CPU
	EndGlobalSection
	GlobalSection(ProjectConfigurationPlatforms) = postSolution
		{9707686C-61AB-4DDB-8437-A11A36B61A81}.Debug|Any CPU.ActiveCfg = Debug|Any CPU
		{9707686C-61AB-4DDB-8437-A11A36B61A81}.Debug|Any CPU.Build.0 = Debug|Any CPU
		{9707686C-61AB-4DDB-8437-A11A36B61A81}.Release|Any CPU.ActiveCfg = Release|Any CPU
		{9707686C-61AB-4DDB-8437-A11A36B61A81}.Release|Any CPU.Build.0 = Release|Any CPU
	EndGlobalSection
	GlobalSection(SolutionProperties) = preSolution
		HideSolutionNode = FALSE
	EndGlobalSection
EndGlobal
