
Microsoft Visual Studio Solution File, Format Version 10.00
# Visual Studio 2008
Project("{FAE04EC0-301F-11D3-BF4B-00C04F79EFBC}") = "CSJ2K", "CSJ2K\CSJ2K.csproj", "{1EA0F9BA-0194-4F08-9E55-89888D5A4724}"
EndProject
Project("{E6FDF86B-F3D1-11D4-8576-0002A516ECE8}") = "j2kdecoder", "jj2kdecoder\j2kdecoder.vjsproj", "{32801F5D-4A99-47E2-B1A3-62A8F3ABFA99}"
EndProject
Project("{E6FDF86B-F3D1-11D4-8576-0002A516ECE8}") = "j2kencoder", "jj2kencoder\j2kencoder.vjsproj", "{F6477386-69EA-494B-AEC0-5E3A1FDBA10D}"
EndProject
Project("{FAE04EC0-301F-11D3-BF4B-00C04F79EFBC}") = "codectest", "codectest\codectest.csproj", "{08EBCC10-76CD-4198-9F60-E8091432E4D8}"
EndProject
Global
	GlobalSection(SolutionConfigurationPlatforms) = preSolution
		Debug|Any CPU = Debug|Any CPU
		Debug|Mixed Platforms = Debug|Mixed Platforms
		Debug|x86 = Debug|x86
		Release|Any CPU = Release|Any CPU
		Release|Mixed Platforms = Release|Mixed Platforms
		Release|x86 = Release|x86
	EndGlobalSection
	GlobalSection(ProjectConfigurationPlatforms) = postSolution
		{1EA0F9BA-0194-4F08-9E55-89888D5A4724}.Debug|Any CPU.ActiveCfg = Debug|Any CPU
		{1EA0F9BA-0194-4F08-9E55-89888D5A4724}.Debug|Any CPU.Build.0 = Debug|Any CPU
		{1EA0F9BA-0194-4F08-9E55-89888D5A4724}.Debug|Mixed Platforms.ActiveCfg = Debug|Any CPU
		{1EA0F9BA-0194-4F08-9E55-89888D5A4724}.Debug|Mixed Platforms.Build.0 = Debug|Any CPU
		{1EA0F9BA-0194-4F08-9E55-89888D5A4724}.Debug|x86.ActiveCfg = Debug|Any CPU
		{1EA0F9BA-0194-4F08-9E55-89888D5A4724}.Release|Any CPU.ActiveCfg = Release|Any CPU
		{1EA0F9BA-0194-4F08-9E55-89888D5A4724}.Release|Any CPU.Build.0 = Release|Any CPU
		{1EA0F9BA-0194-4F08-9E55-89888D5A4724}.Release|Mixed Platforms.ActiveCfg = Release|Any CPU
		{1EA0F9BA-0194-4F08-9E55-89888D5A4724}.Release|Mixed Platforms.Build.0 = Release|Any CPU
		{1EA0F9BA-0194-4F08-9E55-89888D5A4724}.Release|x86.ActiveCfg = Release|Any CPU
		{32801F5D-4A99-47E2-B1A3-62A8F3ABFA99}.Debug|Any CPU.ActiveCfg = Debug|x86
		{32801F5D-4A99-47E2-B1A3-62A8F3ABFA99}.Debug|Mixed Platforms.ActiveCfg = Debug|x86
		{32801F5D-4A99-47E2-B1A3-62A8F3ABFA99}.Debug|Mixed Platforms.Build.0 = Debug|x86
		{32801F5D-4A99-47E2-B1A3-62A8F3ABFA99}.Debug|x86.ActiveCfg = Debug|x86
		{32801F5D-4A99-47E2-B1A3-62A8F3ABFA99}.Debug|x86.Build.0 = Debug|x86
		{32801F5D-4A99-47E2-B1A3-62A8F3ABFA99}.Release|Any CPU.ActiveCfg = Release|x86
		{32801F5D-4A99-47E2-B1A3-62A8F3ABFA99}.Release|Mixed Platforms.ActiveCfg = Release|x86
		{32801F5D-4A99-47E2-B1A3-62A8F3ABFA99}.Release|Mixed Platforms.Build.0 = Release|x86
		{32801F5D-4A99-47E2-B1A3-62A8F3ABFA99}.Release|x86.ActiveCfg = Release|x86
		{32801F5D-4A99-47E2-B1A3-62A8F3ABFA99}.Release|x86.Build.0 = Release|x86
		{F6477386-69EA-494B-AEC0-5E3A1FDBA10D}.Debug|Any CPU.ActiveCfg = Debug|x86
		{F6477386-69EA-494B-AEC0-5E3A1FDBA10D}.Debug|Mixed Platforms.ActiveCfg = Debug|x86
		{F6477386-69EA-494B-AEC0-5E3A1FDBA10D}.Debug|Mixed Platforms.Build.0 = Debug|x86
		{F6477386-69EA-494B-AEC0-5E3A1FDBA10D}.Debug|x86.ActiveCfg = Debug|x86
		{F6477386-69EA-494B-AEC0-5E3A1FDBA10D}.Debug|x86.Build.0 = Debug|x86
		{F6477386-69EA-494B-AEC0-5E3A1FDBA10D}.Release|Any CPU.ActiveCfg = Release|x86
		{F6477386-69EA-494B-AEC0-5E3A1FDBA10D}.Release|Mixed Platforms.ActiveCfg = Release|x86
		{F6477386-69EA-494B-AEC0-5E3A1FDBA10D}.Release|Mixed Platforms.Build.0 = Release|x86
		{F6477386-69EA-494B-AEC0-5E3A1FDBA10D}.Release|x86.ActiveCfg = Release|x86
		{F6477386-69EA-494B-AEC0-5E3A1FDBA10D}.Release|x86.Build.0 = Release|x86
		{08EBCC10-76CD-4198-9F60-E8091432E4D8}.Debug|Any CPU.ActiveCfg = Debug|Any CPU
		{08EBCC10-76CD-4198-9F60-E8091432E4D8}.Debug|Any CPU.Build.0 = Debug|Any CPU
		{08EBCC10-76CD-4198-9F60-E8091432E4D8}.Debug|Mixed Platforms.ActiveCfg = Debug|Any CPU
		{08EBCC10-76CD-4198-9F60-E8091432E4D8}.Debug|Mixed Platforms.Build.0 = Debug|Any CPU
		{08EBCC10-76CD-4198-9F60-E8091432E4D8}.Debug|x86.ActiveCfg = Debug|Any CPU
		{08EBCC10-76CD-4198-9F60-E8091432E4D8}.Release|Any CPU.ActiveCfg = Release|Any CPU
		{08EBCC10-76CD-4198-9F60-E8091432E4D8}.Release|Any CPU.Build.0 = Release|Any CPU
		{08EBCC10-76CD-4198-9F60-E8091432E4D8}.Release|Mixed Platforms.ActiveCfg = Release|Any CPU
		{08EBCC10-76CD-4198-9F60-E8091432E4D8}.Release|Mixed Platforms.Build.0 = Release|Any CPU
		{08EBCC10-76CD-4198-9F60-E8091432E4D8}.Release|x86.ActiveCfg = Release|Any CPU
	EndGlobalSection
	GlobalSection(SolutionProperties) = preSolution
		HideSolutionNode = FALSE
	EndGlobalSection
	GlobalSection(TeamFoundationVersionControl) = preSolution
		SccNumberOfProjects = 5
		SccEnterpriseProvider = {4CA58AB2-18FA-4F8D-95D4-32DDF27D184C}
		SccTeamFoundationServer = https://tfs03.codeplex.com/
		SccLocalPath0 = .
		SccProjectUniqueName1 = CSJ2K\\CSJ2K.csproj
		SccProjectName1 = CSJ2K
		SccLocalPath1 = CSJ2K
		SccProjectUniqueName2 = jj2kdecoder\\j2kdecoder.vjsproj
		SccProjectName2 = jj2kdecoder
		SccLocalPath2 = jj2kdecoder
		SccProjectUniqueName3 = jj2kencoder\\j2kencoder.vjsproj
		SccProjectName3 = jj2kencoder
		SccLocalPath3 = jj2kencoder
		SccProjectUniqueName4 = codectest\\codectest.csproj
		SccProjectName4 = codectest
		SccLocalPath4 = codectest
	EndGlobalSection
EndGlobal
