
Microsoft Visual Studio Solution File, Format Version 9.00
# Visual Studio 2005
Project("{FAE04EC0-301F-11D3-BF4B-00C04F79EFBC}") = "libjaspernet", "libjaspernet.csproj", "{7D4C4807-7705-48A7-9D82-F6689FBBCC8B}"
EndProject
Global
	GlobalSection(SolutionConfigurationPlatforms) = preSolution
		Debug|Any CPU = Debug|Any CPU
		Release|Any CPU = Release|Any CPU
	EndGlobalSection
	GlobalSection(ProjectConfigurationPlatforms) = postSolution
		{7D4C4807-7705-48A7-9D82-F6689FBBCC8B}.Debug|Any CPU.ActiveCfg = Debug|Any CPU
		{7D4C4807-7705-48A7-9D82-F6689FBBCC8B}.Debug|Any CPU.Build.0 = Debug|Any CPU
		{7D4C4807-7705-48A7-9D82-F6689FBBCC8B}.Release|Any CPU.ActiveCfg = Release|Any CPU
		{7D4C4807-7705-48A7-9D82-F6689FBBCC8B}.Release|Any CPU.Build.0 = Release|Any CPU
	EndGlobalSection
	GlobalSection(SolutionProperties) = preSolution
		HideSolutionNode = FALSE
	EndGlobalSection
EndGlobal
