Microsoft Visual Studio Solution File, Format Version 9.00
# Visual Studio 2005
Project("{FAE04EC0-301F-11D3-BF4B-00C04F79EFBC}") = "libsecondlife", "libsecondlife.csproj", "{D9CDEDFB-8169-4B03-B57F-0DF638F044EC}"
EndProject
Project("{FAE04EC0-301F-11D3-BF4B-00C04F79EFBC}") = "sldump", "examples\sldump\sldump.csproj", "{F6258A68-C624-46A0-BA73-B55D21BB0A3B}"
EndProject
Project("{FAE04EC0-301F-11D3-BF4B-00C04F79EFBC}") = "slaccountant", "examples\slaccountant\slaccountant.csproj", "{FC19D5F6-076E-4923-8456-9B0E00E22896}"
EndProject
Project("{FAE04EC0-301F-11D3-BF4B-00C04F79EFBC}") = "name2key", "examples\name2key\name2key.csproj", "{66FFD34E-652C-4EF5-81FE-06AD011169D2}"
EndProject
Project("{FAE04EC0-301F-11D3-BF4B-00C04F79EFBC}") = "ParcelDownload", "examples\ParcelDownload\ParcelDownload.csproj", "{623B86F7-7753-44B7-A8C8-CBC89FB8AF8E}"
EndProject
Project("{FAE04EC0-301F-11D3-BF4B-00C04F79EFBC}") = "primexport", "examples\primexport\primexport.csproj", "{77E5330D-8A8C-41B4-A2D1-6F06FE45ED6D}"
EndProject
Project("{FAE04EC0-301F-11D3-BF4B-00C04F79EFBC}") = "libsecondlife.Tests", "tests\libsecondlife.Tests.csproj", "{E0BCBBAE-A620-431A-9EB7-30173EAF195B}"
EndProject
Project("{FAE04EC0-301F-11D3-BF4B-00C04F79EFBC}") = "mapgenerator", "mapgenerator\mapgenerator.csproj", "{C59B1312-57EF-4146-B6B2-1C7B6DC4638B}"
EndProject
Project("{FAE04EC0-301F-11D3-BF4B-00C04F79EFBC}") = "IA_SimpleInventory", "examples\IA_SimpleInventory\IA_SimpleInventory.csproj", "{E464B963-46E3-4E1A-A36F-9C640C880E68}"
EndProject
Project("{FAE04EC0-301F-11D3-BF4B-00C04F79EFBC}") = "IA_NotecardTool", "examples\IA_NotecardTool\IA_NotecardTool.csproj", "{E185E4E1-62D2-430C-A94C-E8E38190805B}"
EndProject
Project("{FAE04EC0-301F-11D3-BF4B-00C04F79EFBC}") = "Teleport", "examples\Teleport\Teleport.csproj", "{B5AC6795-E426-4BC3-950F-D7B2970E2394}"
EndProject
Project("{FAE04EC0-301F-11D3-BF4B-00C04F79EFBC}") = "Decoder", "..\applications\Decoder\Decoder.csproj", "{7AE16AC1-E64C-4FDC-9B85-4BB6145D511C}"
EndProject
Project("{FAE04EC0-301F-11D3-BF4B-00C04F79EFBC}") = "IA_ImageTool", "examples\IA_ImageTool\IA_ImageTool.csproj", "{8D2E5240-2247-42F5-AAAC-CF0CCCEE349A}"
EndProject
Project("{FAE04EC0-301F-11D3-BF4B-00C04F79EFBC}") = "IA_InventoryManager", "examples\IA_InventoryManager\IA_InventoryManager.csproj", "{D6D1D020-D8D8-4D7E-B7AC-5913A903D6E7}"
EndProject
Project("{FAE04EC0-301F-11D3-BF4B-00C04F79EFBC}") = "groupmanager", "examples\groupmanager\groupmanager.csproj", "{F460FAB3-0D12-4873-89EB-2696818764B8}"
EndProject
Project("{FAE04EC0-301F-11D3-BF4B-00C04F79EFBC}") = "AnimationSample", "examples\AnimationSample\AnimationSample.csproj", "{4EF98AD4-B3B3-42B0-9273-13A614A823F7}"
EndProject
Project("{FAE04EC0-301F-11D3-BF4B-00C04F79EFBC}") = "libjaspernet", "..\libjaspernet\libjaspernet.csproj", "{7D4C4807-7705-48A7-9D82-F6689FBBCC8B}"
EndProject
Project("{FAE04EC0-301F-11D3-BF4B-00C04F79EFBC}") = "IA_TestAsyncImage", "examples\IA_TestAsyncImage\IA_TestAsyncImage.csproj", "{A4F59DE9-E382-401D-AA8D-4557779D764E}"
EndProject
Project("{FAE04EC0-301F-11D3-BF4B-00C04F79EFBC}") = "SLIRC", "..\applications\SLIRC\SLIRC.csproj", "{8855EB2F-BC4C-485A-A577-0989EB16BFDC}"
EndProject
Project("{2150E333-8FDC-42A3-9474-1A3956D46DE8}") = "InventoryImageAssets", "InventoryImageAssets", "{AE3B6C21-9B43-490E-ABCE-2018DC1AEA44}"
EndProject
Project("{FAE04EC0-301F-11D3-BF4B-00C04F79EFBC}") = "IA_MultiImageUpload", "examples\IA_MultiImageUpload\IA_MultiImageUpload.csproj", "{8598E42A-DCBC-4224-9503-5694F17B2F45}"
EndProject
Project("{FAE04EC0-301F-11D3-BF4B-00C04F79EFBC}") = "SLProxy", "..\SLProxy\SLProxy.csproj", "{E4115DC9-FC88-47D6-B3B6-2400AD19B80D}"
EndProject
Project("{FAE04EC0-301F-11D3-BF4B-00C04F79EFBC}") = "Analyst", "..\SLProxy\Analyst.csproj", "{6222B134-AE5F-489A-8A77-423A721B7C62}"
EndProject
Project("{FAE04EC0-301F-11D3-BF4B-00C04F79EFBC}") = "ChatConsole", "..\SLProxy\ChatConsole.csproj", "{D8ECCBE1-AC71-4054-AAA6-2D50E5629504}"
EndProject
Project("{FAE04EC0-301F-11D3-BF4B-00C04F79EFBC}") = "BodyPartMorphGenerator", "examples\BodyPartMorphGenerator\BodyPartMorphGenerator.csproj", "{98C44481-3F15-4305-840D-037EA0D9C221}"
EndProject
Project("{FAE04EC0-301F-11D3-BF4B-00C04F79EFBC}") = "TestTool", "examples\TestTool\TestTool.csproj", "{B87682F6-B2D7-4C4D-A529-400C24FD4880}"
EndProject
Project("{2150E333-8FDC-42A3-9474-1A3956D46DE8}") = "Tools and Examples", "Tools and Examples", "{F35EF72F-4302-4924-A162-10447B94F635}"
EndProject
Project("{2150E333-8FDC-42A3-9474-1A3956D46DE8}") = "SL Proxy", "SL Proxy", "{C754652B-2ACB-4D47-8914-834E17919132}"
EndProject
Global
	GlobalSection(SolutionConfigurationPlatforms) = preSolution
		Debug|Any CPU = Debug|Any CPU
		Release|Any CPU = Release|Any CPU
	EndGlobalSection
	GlobalSection(ProjectConfigurationPlatforms) = postSolution
		{D9CDEDFB-8169-4B03-B57F-0DF638F044EC}.Debug|Any CPU.ActiveCfg = Debug|Any CPU
		{D9CDEDFB-8169-4B03-B57F-0DF638F044EC}.Debug|Any CPU.Build.0 = Debug|Any CPU
		{D9CDEDFB-8169-4B03-B57F-0DF638F044EC}.Release|Any CPU.ActiveCfg = Release|Any CPU
		{D9CDEDFB-8169-4B03-B57F-0DF638F044EC}.Release|Any CPU.Build.0 = Release|Any CPU
		{F6258A68-C624-46A0-BA73-B55D21BB0A3B}.Debug|Any CPU.ActiveCfg = Debug|Any CPU
		{F6258A68-C624-46A0-BA73-B55D21BB0A3B}.Debug|Any CPU.Build.0 = Debug|Any CPU
		{F6258A68-C624-46A0-BA73-B55D21BB0A3B}.Release|Any CPU.ActiveCfg = Release|Any CPU
		{F6258A68-C624-46A0-BA73-B55D21BB0A3B}.Release|Any CPU.Build.0 = Release|Any CPU
		{FC19D5F6-076E-4923-8456-9B0E00E22896}.Debug|Any CPU.ActiveCfg = Debug|Any CPU
		{FC19D5F6-076E-4923-8456-9B0E00E22896}.Debug|Any CPU.Build.0 = Debug|Any CPU
		{FC19D5F6-076E-4923-8456-9B0E00E22896}.Release|Any CPU.ActiveCfg = Release|Any CPU
		{FC19D5F6-076E-4923-8456-9B0E00E22896}.Release|Any CPU.Build.0 = Release|Any CPU
		{66FFD34E-652C-4EF5-81FE-06AD011169D2}.Debug|Any CPU.ActiveCfg = Debug|Any CPU
		{66FFD34E-652C-4EF5-81FE-06AD011169D2}.Debug|Any CPU.Build.0 = Debug|Any CPU
		{66FFD34E-652C-4EF5-81FE-06AD011169D2}.Release|Any CPU.ActiveCfg = Release|Any CPU
		{66FFD34E-652C-4EF5-81FE-06AD011169D2}.Release|Any CPU.Build.0 = Release|Any CPU
		{623B86F7-7753-44B7-A8C8-CBC89FB8AF8E}.Debug|Any CPU.ActiveCfg = Debug|Any CPU
		{623B86F7-7753-44B7-A8C8-CBC89FB8AF8E}.Debug|Any CPU.Build.0 = Debug|Any CPU
		{623B86F7-7753-44B7-A8C8-CBC89FB8AF8E}.Release|Any CPU.ActiveCfg = Release|Any CPU
		{623B86F7-7753-44B7-A8C8-CBC89FB8AF8E}.Release|Any CPU.Build.0 = Release|Any CPU
		{77E5330D-8A8C-41B4-A2D1-6F06FE45ED6D}.Debug|Any CPU.ActiveCfg = Debug|Any CPU
		{77E5330D-8A8C-41B4-A2D1-6F06FE45ED6D}.Debug|Any CPU.Build.0 = Debug|Any CPU
		{77E5330D-8A8C-41B4-A2D1-6F06FE45ED6D}.Release|Any CPU.ActiveCfg = Release|Any CPU
		{77E5330D-8A8C-41B4-A2D1-6F06FE45ED6D}.Release|Any CPU.Build.0 = Release|Any CPU
		{E0BCBBAE-A620-431A-9EB7-30173EAF195B}.Debug|Any CPU.ActiveCfg = Debug|Any CPU
		{E0BCBBAE-A620-431A-9EB7-30173EAF195B}.Release|Any CPU.ActiveCfg = Release|Any CPU
		{E0BCBBAE-A620-431A-9EB7-30173EAF195B}.Release|Any CPU.Build.0 = Release|Any CPU
		{C59B1312-57EF-4146-B6B2-1C7B6DC4638B}.Debug|Any CPU.ActiveCfg = Debug|Any CPU
		{C59B1312-57EF-4146-B6B2-1C7B6DC4638B}.Debug|Any CPU.Build.0 = Debug|Any CPU
		{C59B1312-57EF-4146-B6B2-1C7B6DC4638B}.Release|Any CPU.ActiveCfg = Release|Any CPU
		{C59B1312-57EF-4146-B6B2-1C7B6DC4638B}.Release|Any CPU.Build.0 = Release|Any CPU
		{E464B963-46E3-4E1A-A36F-9C640C880E68}.Debug|Any CPU.ActiveCfg = Debug|Any CPU
		{E464B963-46E3-4E1A-A36F-9C640C880E68}.Debug|Any CPU.Build.0 = Debug|Any CPU
		{E464B963-46E3-4E1A-A36F-9C640C880E68}.Release|Any CPU.ActiveCfg = Release|Any CPU
		{E464B963-46E3-4E1A-A36F-9C640C880E68}.Release|Any CPU.Build.0 = Release|Any CPU
		{E185E4E1-62D2-430C-A94C-E8E38190805B}.Debug|Any CPU.ActiveCfg = Debug|Any CPU
		{E185E4E1-62D2-430C-A94C-E8E38190805B}.Debug|Any CPU.Build.0 = Debug|Any CPU
		{E185E4E1-62D2-430C-A94C-E8E38190805B}.Release|Any CPU.ActiveCfg = Release|Any CPU
		{E185E4E1-62D2-430C-A94C-E8E38190805B}.Release|Any CPU.Build.0 = Release|Any CPU
		{B5AC6795-E426-4BC3-950F-D7B2970E2394}.Debug|Any CPU.ActiveCfg = Debug|Any CPU
		{B5AC6795-E426-4BC3-950F-D7B2970E2394}.Debug|Any CPU.Build.0 = Debug|Any CPU
		{B5AC6795-E426-4BC3-950F-D7B2970E2394}.Release|Any CPU.ActiveCfg = Release|Any CPU
		{B5AC6795-E426-4BC3-950F-D7B2970E2394}.Release|Any CPU.Build.0 = Release|Any CPU
		{7AE16AC1-E64C-4FDC-9B85-4BB6145D511C}.Debug|Any CPU.ActiveCfg = Debug|Any CPU
		{7AE16AC1-E64C-4FDC-9B85-4BB6145D511C}.Debug|Any CPU.Build.0 = Debug|Any CPU
		{7AE16AC1-E64C-4FDC-9B85-4BB6145D511C}.Release|Any CPU.ActiveCfg = Release|Any CPU
		{7AE16AC1-E64C-4FDC-9B85-4BB6145D511C}.Release|Any CPU.Build.0 = Release|Any CPU
		{8D2E5240-2247-42F5-AAAC-CF0CCCEE349A}.Debug|Any CPU.ActiveCfg = Debug|Any CPU
		{8D2E5240-2247-42F5-AAAC-CF0CCCEE349A}.Debug|Any CPU.Build.0 = Debug|Any CPU
		{8D2E5240-2247-42F5-AAAC-CF0CCCEE349A}.Release|Any CPU.ActiveCfg = Release|Any CPU
		{8D2E5240-2247-42F5-AAAC-CF0CCCEE349A}.Release|Any CPU.Build.0 = Release|Any CPU
		{D6D1D020-D8D8-4D7E-B7AC-5913A903D6E7}.Debug|Any CPU.ActiveCfg = Debug|Any CPU
		{D6D1D020-D8D8-4D7E-B7AC-5913A903D6E7}.Debug|Any CPU.Build.0 = Debug|Any CPU
		{D6D1D020-D8D8-4D7E-B7AC-5913A903D6E7}.Release|Any CPU.ActiveCfg = Release|Any CPU
		{D6D1D020-D8D8-4D7E-B7AC-5913A903D6E7}.Release|Any CPU.Build.0 = Release|Any CPU
		{F460FAB3-0D12-4873-89EB-2696818764B8}.Debug|Any CPU.ActiveCfg = Debug|Any CPU
		{F460FAB3-0D12-4873-89EB-2696818764B8}.Debug|Any CPU.Build.0 = Debug|Any CPU
		{F460FAB3-0D12-4873-89EB-2696818764B8}.Release|Any CPU.ActiveCfg = Release|Any CPU
		{F460FAB3-0D12-4873-89EB-2696818764B8}.Release|Any CPU.Build.0 = Release|Any CPU
		{4EF98AD4-B3B3-42B0-9273-13A614A823F7}.Debug|Any CPU.ActiveCfg = Debug|Any CPU
		{4EF98AD4-B3B3-42B0-9273-13A614A823F7}.Debug|Any CPU.Build.0 = Debug|Any CPU
		{4EF98AD4-B3B3-42B0-9273-13A614A823F7}.Release|Any CPU.ActiveCfg = Release|Any CPU
		{4EF98AD4-B3B3-42B0-9273-13A614A823F7}.Release|Any CPU.Build.0 = Release|Any CPU
		{7D4C4807-7705-48A7-9D82-F6689FBBCC8B}.Debug|Any CPU.ActiveCfg = Debug|Any CPU
		{7D4C4807-7705-48A7-9D82-F6689FBBCC8B}.Debug|Any CPU.Build.0 = Debug|Any CPU
		{7D4C4807-7705-48A7-9D82-F6689FBBCC8B}.Release|Any CPU.ActiveCfg = Release|Any CPU
		{7D4C4807-7705-48A7-9D82-F6689FBBCC8B}.Release|Any CPU.Build.0 = Release|Any CPU
		{A4F59DE9-E382-401D-AA8D-4557779D764E}.Debug|Any CPU.ActiveCfg = Debug|Any CPU
		{A4F59DE9-E382-401D-AA8D-4557779D764E}.Debug|Any CPU.Build.0 = Debug|Any CPU
		{A4F59DE9-E382-401D-AA8D-4557779D764E}.Release|Any CPU.ActiveCfg = Release|Any CPU
		{A4F59DE9-E382-401D-AA8D-4557779D764E}.Release|Any CPU.Build.0 = Release|Any CPU
		{8855EB2F-BC4C-485A-A577-0989EB16BFDC}.Debug|Any CPU.ActiveCfg = Debug|Any CPU
		{8855EB2F-BC4C-485A-A577-0989EB16BFDC}.Debug|Any CPU.Build.0 = Debug|Any CPU
		{8855EB2F-BC4C-485A-A577-0989EB16BFDC}.Release|Any CPU.ActiveCfg = Release|Any CPU
		{8855EB2F-BC4C-485A-A577-0989EB16BFDC}.Release|Any CPU.Build.0 = Release|Any CPU
		{8598E42A-DCBC-4224-9503-5694F17B2F45}.Debug|Any CPU.ActiveCfg = Debug|Any CPU
		{8598E42A-DCBC-4224-9503-5694F17B2F45}.Debug|Any CPU.Build.0 = Debug|Any CPU
		{8598E42A-DCBC-4224-9503-5694F17B2F45}.Release|Any CPU.ActiveCfg = Release|Any CPU
		{8598E42A-DCBC-4224-9503-5694F17B2F45}.Release|Any CPU.Build.0 = Release|Any CPU
		{E4115DC9-FC88-47D6-B3B6-2400AD19B80D}.Debug|Any CPU.ActiveCfg = Debug|Any CPU
		{E4115DC9-FC88-47D6-B3B6-2400AD19B80D}.Debug|Any CPU.Build.0 = Debug|Any CPU
		{E4115DC9-FC88-47D6-B3B6-2400AD19B80D}.Release|Any CPU.ActiveCfg = Release|Any CPU
		{E4115DC9-FC88-47D6-B3B6-2400AD19B80D}.Release|Any CPU.Build.0 = Release|Any CPU
		{6222B134-AE5F-489A-8A77-423A721B7C62}.Debug|Any CPU.ActiveCfg = Debug|Any CPU
		{6222B134-AE5F-489A-8A77-423A721B7C62}.Debug|Any CPU.Build.0 = Debug|Any CPU
		{6222B134-AE5F-489A-8A77-423A721B7C62}.Release|Any CPU.ActiveCfg = Release|Any CPU
		{6222B134-AE5F-489A-8A77-423A721B7C62}.Release|Any CPU.Build.0 = Release|Any CPU
		{D8ECCBE1-AC71-4054-AAA6-2D50E5629504}.Debug|Any CPU.ActiveCfg = Debug|Any CPU
		{D8ECCBE1-AC71-4054-AAA6-2D50E5629504}.Debug|Any CPU.Build.0 = Debug|Any CPU
		{D8ECCBE1-AC71-4054-AAA6-2D50E5629504}.Release|Any CPU.ActiveCfg = Release|Any CPU
		{D8ECCBE1-AC71-4054-AAA6-2D50E5629504}.Release|Any CPU.Build.0 = Release|Any CPU
		{98C44481-3F15-4305-840D-037EA0D9C221}.Debug|Any CPU.ActiveCfg = Debug|Any CPU
		{98C44481-3F15-4305-840D-037EA0D9C221}.Debug|Any CPU.Build.0 = Debug|Any CPU
		{98C44481-3F15-4305-840D-037EA0D9C221}.Release|Any CPU.ActiveCfg = Release|Any CPU
		{98C44481-3F15-4305-840D-037EA0D9C221}.Release|Any CPU.Build.0 = Release|Any CPU
		{B87682F6-B2D7-4C4D-A529-400C24FD4880}.Debug|Any CPU.ActiveCfg = Debug|Any CPU
		{B87682F6-B2D7-4C4D-A529-400C24FD4880}.Debug|Any CPU.Build.0 = Debug|Any CPU
		{B87682F6-B2D7-4C4D-A529-400C24FD4880}.Release|Any CPU.ActiveCfg = Release|Any CPU
		{B87682F6-B2D7-4C4D-A529-400C24FD4880}.Release|Any CPU.Build.0 = Release|Any CPU
	EndGlobalSection
	GlobalSection(SolutionProperties) = preSolution
		HideSolutionNode = FALSE
	EndGlobalSection
	GlobalSection(NestedProjects) = preSolution
		{E185E4E1-62D2-430C-A94C-E8E38190805B} = {AE3B6C21-9B43-490E-ABCE-2018DC1AEA44}
		{8D2E5240-2247-42F5-AAAC-CF0CCCEE349A} = {AE3B6C21-9B43-490E-ABCE-2018DC1AEA44}
		{D6D1D020-D8D8-4D7E-B7AC-5913A903D6E7} = {AE3B6C21-9B43-490E-ABCE-2018DC1AEA44}
		{A4F59DE9-E382-401D-AA8D-4557779D764E} = {AE3B6C21-9B43-490E-ABCE-2018DC1AEA44}
		{E464B963-46E3-4E1A-A36F-9C640C880E68} = {AE3B6C21-9B43-490E-ABCE-2018DC1AEA44}
		{8598E42A-DCBC-4224-9503-5694F17B2F45} = {AE3B6C21-9B43-490E-ABCE-2018DC1AEA44}
		{98C44481-3F15-4305-840D-037EA0D9C221} = {AE3B6C21-9B43-490E-ABCE-2018DC1AEA44}
		{4EF98AD4-B3B3-42B0-9273-13A614A823F7} = {F35EF72F-4302-4924-A162-10447B94F635}
		{7AE16AC1-E64C-4FDC-9B85-4BB6145D511C} = {F35EF72F-4302-4924-A162-10447B94F635}
		{F460FAB3-0D12-4873-89EB-2696818764B8} = {F35EF72F-4302-4924-A162-10447B94F635}
		{B5AC6795-E426-4BC3-950F-D7B2970E2394} = {F35EF72F-4302-4924-A162-10447B94F635}
		{B87682F6-B2D7-4C4D-A529-400C24FD4880} = {F35EF72F-4302-4924-A162-10447B94F635}
		{8855EB2F-BC4C-485A-A577-0989EB16BFDC} = {F35EF72F-4302-4924-A162-10447B94F635}
		{F6258A68-C624-46A0-BA73-B55D21BB0A3B} = {F35EF72F-4302-4924-A162-10447B94F635}
		{FC19D5F6-076E-4923-8456-9B0E00E22896} = {F35EF72F-4302-4924-A162-10447B94F635}
		{77E5330D-8A8C-41B4-A2D1-6F06FE45ED6D} = {F35EF72F-4302-4924-A162-10447B94F635}
		{623B86F7-7753-44B7-A8C8-CBC89FB8AF8E} = {F35EF72F-4302-4924-A162-10447B94F635}
		{66FFD34E-652C-4EF5-81FE-06AD011169D2} = {F35EF72F-4302-4924-A162-10447B94F635}
		{E4115DC9-FC88-47D6-B3B6-2400AD19B80D} = {C754652B-2ACB-4D47-8914-834E17919132}
		{6222B134-AE5F-489A-8A77-423A721B7C62} = {C754652B-2ACB-4D47-8914-834E17919132}
		{D8ECCBE1-AC71-4054-AAA6-2D50E5629504} = {C754652B-2ACB-4D47-8914-834E17919132}
	EndGlobalSection
EndGlobal
