Microsoft Visual Studio Solution File, Format Version 8.00
Project("{FAE04EC0-301F-11D3-BF4B-00C04F79EFBC}") = "libsecondlife", "libsecondlife.csproj", "{D9CDEDFB-8169-4B03-B57F-0DF638F044EC}"
	ProjectSection(ProjectDependencies) = postProject
	EndProjectSection
EndProject
Project("{FAE04EC0-301F-11D3-BF4B-00C04F79EFBC}") = "sldump", "examples\sldump\sldump.csproj", "{F6258A68-C624-46A0-BA73-B55D21BB0A3B}"
	ProjectSection(ProjectDependencies) = postProject
	EndProjectSection
EndProject
Project("{FAE04EC0-301F-11D3-BF4B-00C04F79EFBC}") = "slaccountant", "examples\slaccountant\slaccountant.csproj", "{FC19D5F6-076E-4923-8456-9B0E00E22896}"
	ProjectSection(ProjectDependencies) = postProject
	EndProjectSection
EndProject
Project("{FAE04EC0-301F-11D3-BF4B-00C04F79EFBC}") = "name2key", "examples\name2key\name2key.csproj", "{66FFD34E-652C-4EF5-81FE-06AD011169D2}"
	ProjectSection(ProjectDependencies) = postProject
	EndProjectSection
EndProject
Project("{FAE04EC0-301F-11D3-BF4B-00C04F79EFBC}") = "Inventory", "Inventory\Inventory\Inventory.csproj", "{F6297392-3422-42EB-977A-F86C50CD557F}"
	ProjectSection(ProjectDependencies) = postProject
	EndProjectSection
EndProject
Project("{FAE04EC0-301F-11D3-BF4B-00C04F79EFBC}") = "CreateNotecard", "Inventory\CreateNotecard\CreateNotecard.csproj", "{D5ACEEA1-89CD-4FD2-8A1F-1BD828988FDC}"
	ProjectSection(ProjectDependencies) = postProject
	EndProjectSection
EndProject
Project("{FAE04EC0-301F-11D3-BF4B-00C04F79EFBC}") = "InventoryDump", "Inventory\InventoryDump\InventoryDump.csproj", "{6478BE37-9272-4D91-B641-5E2FD0680B27}"
	ProjectSection(ProjectDependencies) = postProject
	EndProjectSection
EndProject
Global
	GlobalSection(SolutionConfiguration) = preSolution
		Debug = Debug
		Release = Release
	EndGlobalSection
	GlobalSection(ProjectConfiguration) = postSolution
		{D9CDEDFB-8169-4B03-B57F-0DF638F044EC}.Debug.ActiveCfg = Debug|.NET
		{D9CDEDFB-8169-4B03-B57F-0DF638F044EC}.Debug.Build.0 = Debug|.NET
		{D9CDEDFB-8169-4B03-B57F-0DF638F044EC}.Release.ActiveCfg = Release|.NET
		{D9CDEDFB-8169-4B03-B57F-0DF638F044EC}.Release.Build.0 = Release|.NET
		{F6258A68-C624-46A0-BA73-B55D21BB0A3B}.Debug.ActiveCfg = Debug|.NET
		{F6258A68-C624-46A0-BA73-B55D21BB0A3B}.Debug.Build.0 = Debug|.NET
		{F6258A68-C624-46A0-BA73-B55D21BB0A3B}.Release.ActiveCfg = Release|.NET
		{F6258A68-C624-46A0-BA73-B55D21BB0A3B}.Release.Build.0 = Release|.NET
		{FC19D5F6-076E-4923-8456-9B0E00E22896}.Debug.ActiveCfg = Debug|.NET
		{FC19D5F6-076E-4923-8456-9B0E00E22896}.Debug.Build.0 = Debug|.NET
		{FC19D5F6-076E-4923-8456-9B0E00E22896}.Release.ActiveCfg = Release|.NET
		{FC19D5F6-076E-4923-8456-9B0E00E22896}.Release.Build.0 = Release|.NET
		{66FFD34E-652C-4EF5-81FE-06AD011169D2}.Debug.ActiveCfg = Debug|.NET
		{66FFD34E-652C-4EF5-81FE-06AD011169D2}.Debug.Build.0 = Debug|.NET
		{66FFD34E-652C-4EF5-81FE-06AD011169D2}.Release.ActiveCfg = Release|.NET
		{66FFD34E-652C-4EF5-81FE-06AD011169D2}.Release.Build.0 = Release|.NET
		{F6297392-3422-42EB-977A-F86C50CD557F}.Debug.ActiveCfg = Debug|.NET
		{F6297392-3422-42EB-977A-F86C50CD557F}.Debug.Build.0 = Debug|.NET
		{F6297392-3422-42EB-977A-F86C50CD557F}.Release.ActiveCfg = Release|.NET
		{F6297392-3422-42EB-977A-F86C50CD557F}.Release.Build.0 = Release|.NET
		{D5ACEEA1-89CD-4FD2-8A1F-1BD828988FDC}.Debug.ActiveCfg = Debug|.NET
		{D5ACEEA1-89CD-4FD2-8A1F-1BD828988FDC}.Debug.Build.0 = Debug|.NET
		{D5ACEEA1-89CD-4FD2-8A1F-1BD828988FDC}.Release.ActiveCfg = Release|.NET
		{D5ACEEA1-89CD-4FD2-8A1F-1BD828988FDC}.Release.Build.0 = Release|.NET
		{6478BE37-9272-4D91-B641-5E2FD0680B27}.Debug.ActiveCfg = Debug|.NET
		{6478BE37-9272-4D91-B641-5E2FD0680B27}.Debug.Build.0 = Debug|.NET
		{6478BE37-9272-4D91-B641-5E2FD0680B27}.Release.ActiveCfg = Release|.NET
		{6478BE37-9272-4D91-B641-5E2FD0680B27}.Release.Build.0 = Release|.NET
	EndGlobalSection
	GlobalSection(ExtensibilityGlobals) = postSolution
	EndGlobalSection
	GlobalSection(ExtensibilityAddIns) = postSolution
	EndGlobalSection
EndGlobal
