
Microsoft Visual Studio Solution File, Format Version 9.00
# Visual C# Express 2005
Project("{FAE04EC0-301F-11D3-BF4B-00C04F79EFBC}") = "sceneviewer", "sceneviewer.csproj", "{2E2A4A58-39A7-485F-BC99-F12F86E0A40A}"
EndProject
Global
	GlobalSection(SolutionConfigurationPlatforms) = preSolution
		Debug|x86 = Debug|x86
		Release|x86 = Release|x86
	EndGlobalSection
	GlobalSection(ProjectConfigurationPlatforms) = postSolution
		{2E2A4A58-39A7-485F-BC99-F12F86E0A40A}.Debug|x86.ActiveCfg = Debug|x86
		{2E2A4A58-39A7-485F-BC99-F12F86E0A40A}.Debug|x86.Build.0 = Debug|x86
		{2E2A4A58-39A7-485F-BC99-F12F86E0A40A}.Release|x86.ActiveCfg = Release|x86
		{2E2A4A58-39A7-485F-BC99-F12F86E0A40A}.Release|x86.Build.0 = Release|x86
	EndGlobalSection
	GlobalSection(SolutionProperties) = preSolution
		HideSolutionNode = FALSE
	EndGlobalSection
EndGlobal
