Microsoft Visual Studio Solution File, Format Version 9.00
# Visual Studio 2005
Project("{FAE04EC0-301F-11D3-BF4B-00C04F79EFBC}") = "libsecondlife", "libsecondlife.csproj", "{D9CDEDFB-8169-4B03-B57F-0DF638F044EC}"
EndProject
Project("{FAE04EC0-301F-11D3-BF4B-00C04F79EFBC}") = "sldump", "examples\sldump\sldump.csproj", "{F6258A68-C624-46A0-BA73-B55D21BB0A3B}"
EndProject
Project("{FAE04EC0-301F-11D3-BF4B-00C04F79EFBC}") = "slaccountant", "examples\slaccountant\slaccountant.csproj", "{FC19D5F6-076E-4923-8456-9B0E00E22896}"
EndProject
Project("{FAE04EC0-301F-11D3-BF4B-00C04F79EFBC}") = "name2key", "examples\name2key\name2key.csproj", "{66FFD34E-652C-4EF5-81FE-06AD011169D2}"
EndProject
Project("{FAE04EC0-301F-11D3-BF4B-00C04F79EFBC}") = "primexport", "examples\primexport\primexport.csproj", "{77E5330D-8A8C-41B4-A2D1-6F06FE45ED6D}"
EndProject
Project("{FAE04EC0-301F-11D3-BF4B-00C04F79EFBC}") = "mapgenerator", "mapgenerator\mapgenerator.csproj", "{C59B1312-57EF-4146-B6B2-1C7B6DC4638B}"
EndProject
Project("{FAE04EC0-301F-11D3-BF4B-00C04F79EFBC}") = "groupmanager", "examples\groupmanager\groupmanager.csproj", "{F460FAB3-0D12-4873-89EB-2696818764B8}"
EndProject
Project("{FAE04EC0-301F-11D3-BF4B-00C04F79EFBC}") = "TestClient", "examples\TestClient\TestClient.csproj", "{B87682F6-B2D7-4C4D-A529-400C24FD4880}"
EndProject
Project("{FAE04EC0-301F-11D3-BF4B-00C04F79EFBC}") = "libsecondlife.Utilities", "libsecondlife.Utilities\libsecondlife.Utilities.csproj", "{CE5E06C2-2428-416B-ADC1-F1FE16A0FB27}"
EndProject
Project("{FAE04EC0-301F-11D3-BF4B-00C04F79EFBC}") = "libsecondlife.Tests", "libsecondlife.Tests\libsecondlife.Tests.csproj", "{E0BCBBAE-A620-431A-9EB7-30173EAF195B}"
EndProject
Project("{FAE04EC0-301F-11D3-BF4B-00C04F79EFBC}") = "VisualParamGenerator", "VisualParamGenerator\VisualParamGenerator.csproj", "{D2A514C5-5590-4789-9032-6E5B4C297B80}"
EndProject
Project("{FAE04EC0-301F-11D3-BF4B-00C04F79EFBC}") = "openjpegnet", "..\openjpegnet\openjpegnet.csproj", "{D0DCFDCB-71FA-4343-A8D1-24D4665A94A4}"
EndProject
Project("{FAE04EC0-301F-11D3-BF4B-00C04F79EFBC}") = "Heightmap", "examples\Heightmap\Heightmap.csproj", "{D9669D08-AC81-4F45-AD23-82787C6EFBBA}"
EndProject
Project("{FAE04EC0-301F-11D3-BF4B-00C04F79EFBC}") = "key2name", "examples\Key2Name\key2name.csproj", "{4FF68142-9C61-42D1-87DC-5D37CB671C29}"
EndProject
Project("{FAE04EC0-301F-11D3-BF4B-00C04F79EFBC}") = "Baker", "examples\Baker\Baker.csproj", "{4A32A4E5-717C-4B60-B3D7-704518684893}"
EndProject
Project("{FAE04EC0-301F-11D3-BF4B-00C04F79EFBC}") = "Decoder", "..\Decoder\Decoder.csproj", "{7AE16AC1-E64C-4FDC-9B85-4BB6145D511C}"
EndProject
Project("{FAE04EC0-301F-11D3-BF4B-00C04F79EFBC}") = "SecondGlance", "..\SecondGlance\SecondGlance.csproj", "{D72C92D1-559A-48A7-93F5-99F4E99F3F98}"
EndProject
Project("{FAE04EC0-301F-11D3-BF4B-00C04F79EFBC}") = "SLProxy", "..\SLProxy\SLProxy.csproj", "{E4115DC9-FC88-47D6-B3B6-2400AD19B80D}"
EndProject
Project("{FAE04EC0-301F-11D3-BF4B-00C04F79EFBC}") = "ChatConsole", "..\SLProxy\ChatConsole.csproj", "{D8ECCBE1-AC71-4054-AAA6-2D50E5629504}"
EndProject
Project("{FAE04EC0-301F-11D3-BF4B-00C04F79EFBC}") = "GUITestClient", "examples\GUITestClient\GUITestClient.csproj", "{9E0EE72D-AAA7-42EC-8E59-2C3EA5ED6D98}"
EndProject
Project("{FAE04EC0-301F-11D3-BF4B-00C04F79EFBC}") = "importprimscript", "..\importprimscript\importprimscript.csproj", "{32A7AA59-5129-4446-A6DC-2F581ED1A25C}"
EndProject
Global
	GlobalSection(SolutionConfigurationPlatforms) = preSolution
		Debug|Any CPU = Debug|Any CPU
		Release|Any CPU = Release|Any CPU
	EndGlobalSection
	GlobalSection(ProjectConfigurationPlatforms) = postSolution
		{D9CDEDFB-8169-4B03-B57F-0DF638F044EC}.Debug|Any CPU.ActiveCfg = Debug|Any CPU
		{D9CDEDFB-8169-4B03-B57F-0DF638F044EC}.Debug|Any CPU.Build.0 = Debug|Any CPU
		{D9CDEDFB-8169-4B03-B57F-0DF638F044EC}.Release|Any CPU.ActiveCfg = Release|Any CPU
		{D9CDEDFB-8169-4B03-B57F-0DF638F044EC}.Release|Any CPU.Build.0 = Release|Any CPU
		{F6258A68-C624-46A0-BA73-B55D21BB0A3B}.Debug|Any CPU.ActiveCfg = Debug|Any CPU
		{F6258A68-C624-46A0-BA73-B55D21BB0A3B}.Debug|Any CPU.Build.0 = Debug|Any CPU
		{F6258A68-C624-46A0-BA73-B55D21BB0A3B}.Release|Any CPU.ActiveCfg = Release|Any CPU
		{F6258A68-C624-46A0-BA73-B55D21BB0A3B}.Release|Any CPU.Build.0 = Release|Any CPU
		{FC19D5F6-076E-4923-8456-9B0E00E22896}.Debug|Any CPU.ActiveCfg = Debug|Any CPU
		{FC19D5F6-076E-4923-8456-9B0E00E22896}.Debug|Any CPU.Build.0 = Debug|Any CPU
		{FC19D5F6-076E-4923-8456-9B0E00E22896}.Release|Any CPU.ActiveCfg = Release|Any CPU
		{FC19D5F6-076E-4923-8456-9B0E00E22896}.Release|Any CPU.Build.0 = Release|Any CPU
		{66FFD34E-652C-4EF5-81FE-06AD011169D2}.Debug|Any CPU.ActiveCfg = Debug|Any CPU
		{66FFD34E-652C-4EF5-81FE-06AD011169D2}.Debug|Any CPU.Build.0 = Debug|Any CPU
		{66FFD34E-652C-4EF5-81FE-06AD011169D2}.Release|Any CPU.ActiveCfg = Release|Any CPU
		{66FFD34E-652C-4EF5-81FE-06AD011169D2}.Release|Any CPU.Build.0 = Release|Any CPU
		{77E5330D-8A8C-41B4-A2D1-6F06FE45ED6D}.Debug|Any CPU.ActiveCfg = Debug|Any CPU
		{77E5330D-8A8C-41B4-A2D1-6F06FE45ED6D}.Debug|Any CPU.Build.0 = Debug|Any CPU
		{77E5330D-8A8C-41B4-A2D1-6F06FE45ED6D}.Release|Any CPU.ActiveCfg = Release|Any CPU
		{77E5330D-8A8C-41B4-A2D1-6F06FE45ED6D}.Release|Any CPU.Build.0 = Release|Any CPU
		{C59B1312-57EF-4146-B6B2-1C7B6DC4638B}.Debug|Any CPU.ActiveCfg = Debug|Any CPU
		{C59B1312-57EF-4146-B6B2-1C7B6DC4638B}.Debug|Any CPU.Build.0 = Debug|Any CPU
		{C59B1312-57EF-4146-B6B2-1C7B6DC4638B}.Release|Any CPU.ActiveCfg = Release|Any CPU
		{C59B1312-57EF-4146-B6B2-1C7B6DC4638B}.Release|Any CPU.Build.0 = Release|Any CPU
		{F460FAB3-0D12-4873-89EB-2696818764B8}.Debug|Any CPU.ActiveCfg = Debug|Any CPU
		{F460FAB3-0D12-4873-89EB-2696818764B8}.Debug|Any CPU.Build.0 = Debug|Any CPU
		{F460FAB3-0D12-4873-89EB-2696818764B8}.Release|Any CPU.ActiveCfg = Release|Any CPU
		{F460FAB3-0D12-4873-89EB-2696818764B8}.Release|Any CPU.Build.0 = Release|Any CPU
		{B87682F6-B2D7-4C4D-A529-400C24FD4880}.Debug|Any CPU.ActiveCfg = Debug|Any CPU
		{B87682F6-B2D7-4C4D-A529-400C24FD4880}.Debug|Any CPU.Build.0 = Debug|Any CPU
		{B87682F6-B2D7-4C4D-A529-400C24FD4880}.Release|Any CPU.ActiveCfg = Release|Any CPU
		{B87682F6-B2D7-4C4D-A529-400C24FD4880}.Release|Any CPU.Build.0 = Release|Any CPU
		{CE5E06C2-2428-416B-ADC1-F1FE16A0FB27}.Debug|Any CPU.ActiveCfg = Debug|Any CPU
		{CE5E06C2-2428-416B-ADC1-F1FE16A0FB27}.Debug|Any CPU.Build.0 = Debug|Any CPU
		{CE5E06C2-2428-416B-ADC1-F1FE16A0FB27}.Release|Any CPU.ActiveCfg = Release|Any CPU
		{CE5E06C2-2428-416B-ADC1-F1FE16A0FB27}.Release|Any CPU.Build.0 = Release|Any CPU
		{E0BCBBAE-A620-431A-9EB7-30173EAF195B}.Debug|Any CPU.ActiveCfg = Debug|Any CPU
		{E0BCBBAE-A620-431A-9EB7-30173EAF195B}.Release|Any CPU.ActiveCfg = Release|Any CPU
		{E0BCBBAE-A620-431A-9EB7-30173EAF195B}.Release|Any CPU.Build.0 = Release|Any CPU
		{D2A514C5-5590-4789-9032-6E5B4C297B80}.Debug|Any CPU.ActiveCfg = Debug|Any CPU
		{D2A514C5-5590-4789-9032-6E5B4C297B80}.Debug|Any CPU.Build.0 = Debug|Any CPU
		{D2A514C5-5590-4789-9032-6E5B4C297B80}.Release|Any CPU.ActiveCfg = Release|Any CPU
		{D2A514C5-5590-4789-9032-6E5B4C297B80}.Release|Any CPU.Build.0 = Release|Any CPU
		{D0DCFDCB-71FA-4343-A8D1-24D4665A94A4}.Debug|Any CPU.ActiveCfg = Debug|Any CPU
		{D0DCFDCB-71FA-4343-A8D1-24D4665A94A4}.Debug|Any CPU.Build.0 = Debug|Any CPU
		{D0DCFDCB-71FA-4343-A8D1-24D4665A94A4}.Release|Any CPU.ActiveCfg = Release|Any CPU
		{D0DCFDCB-71FA-4343-A8D1-24D4665A94A4}.Release|Any CPU.Build.0 = Release|Any CPU
		{D9669D08-AC81-4F45-AD23-82787C6EFBBA}.Debug|Any CPU.ActiveCfg = Debug|Any CPU
		{D9669D08-AC81-4F45-AD23-82787C6EFBBA}.Debug|Any CPU.Build.0 = Debug|Any CPU
		{D9669D08-AC81-4F45-AD23-82787C6EFBBA}.Release|Any CPU.ActiveCfg = Release|Any CPU
		{D9669D08-AC81-4F45-AD23-82787C6EFBBA}.Release|Any CPU.Build.0 = Release|Any CPU
		{4FF68142-9C61-42D1-87DC-5D37CB671C29}.Debug|Any CPU.ActiveCfg = Debug|Any CPU
		{4FF68142-9C61-42D1-87DC-5D37CB671C29}.Debug|Any CPU.Build.0 = Debug|Any CPU
		{4FF68142-9C61-42D1-87DC-5D37CB671C29}.Release|Any CPU.ActiveCfg = Release|Any CPU
		{4FF68142-9C61-42D1-87DC-5D37CB671C29}.Release|Any CPU.Build.0 = Release|Any CPU
		{4A32A4E5-717C-4B60-B3D7-704518684893}.Debug|Any CPU.ActiveCfg = Debug|Any CPU
		{4A32A4E5-717C-4B60-B3D7-704518684893}.Debug|Any CPU.Build.0 = Debug|Any CPU
		{4A32A4E5-717C-4B60-B3D7-704518684893}.Release|Any CPU.ActiveCfg = Release|Any CPU
		{4A32A4E5-717C-4B60-B3D7-704518684893}.Release|Any CPU.Build.0 = Release|Any CPU
		{7AE16AC1-E64C-4FDC-9B85-4BB6145D511C}.Debug|Any CPU.ActiveCfg = Debug|Any CPU
		{7AE16AC1-E64C-4FDC-9B85-4BB6145D511C}.Debug|Any CPU.Build.0 = Debug|Any CPU
		{7AE16AC1-E64C-4FDC-9B85-4BB6145D511C}.Release|Any CPU.ActiveCfg = Release|Any CPU
		{7AE16AC1-E64C-4FDC-9B85-4BB6145D511C}.Release|Any CPU.Build.0 = Release|Any CPU
		{D72C92D1-559A-48A7-93F5-99F4E99F3F98}.Debug|Any CPU.ActiveCfg = Debug|Any CPU
		{D72C92D1-559A-48A7-93F5-99F4E99F3F98}.Debug|Any CPU.Build.0 = Debug|Any CPU
		{D72C92D1-559A-48A7-93F5-99F4E99F3F98}.Release|Any CPU.ActiveCfg = Release|Any CPU
		{D72C92D1-559A-48A7-93F5-99F4E99F3F98}.Release|Any CPU.Build.0 = Release|Any CPU
		{E4115DC9-FC88-47D6-B3B6-2400AD19B80D}.Debug|Any CPU.ActiveCfg = Debug|Any CPU
		{E4115DC9-FC88-47D6-B3B6-2400AD19B80D}.Debug|Any CPU.Build.0 = Debug|Any CPU
		{E4115DC9-FC88-47D6-B3B6-2400AD19B80D}.Release|Any CPU.ActiveCfg = Release|Any CPU
		{E4115DC9-FC88-47D6-B3B6-2400AD19B80D}.Release|Any CPU.Build.0 = Release|Any CPU
		{D8ECCBE1-AC71-4054-AAA6-2D50E5629504}.Debug|Any CPU.ActiveCfg = Debug|Any CPU
		{D8ECCBE1-AC71-4054-AAA6-2D50E5629504}.Debug|Any CPU.Build.0 = Debug|Any CPU
		{D8ECCBE1-AC71-4054-AAA6-2D50E5629504}.Release|Any CPU.ActiveCfg = Release|Any CPU
		{D8ECCBE1-AC71-4054-AAA6-2D50E5629504}.Release|Any CPU.Build.0 = Release|Any CPU
		{9E0EE72D-AAA7-42EC-8E59-2C3EA5ED6D98}.Debug|Any CPU.ActiveCfg = Debug|Any CPU
		{9E0EE72D-AAA7-42EC-8E59-2C3EA5ED6D98}.Debug|Any CPU.Build.0 = Debug|Any CPU
		{9E0EE72D-AAA7-42EC-8E59-2C3EA5ED6D98}.Release|Any CPU.ActiveCfg = Release|Any CPU
		{9E0EE72D-AAA7-42EC-8E59-2C3EA5ED6D98}.Release|Any CPU.Build.0 = Release|Any CPU
		{32A7AA59-5129-4446-A6DC-2F581ED1A25C}.Debug|Any CPU.ActiveCfg = Debug|Any CPU
		{32A7AA59-5129-4446-A6DC-2F581ED1A25C}.Debug|Any CPU.Build.0 = Debug|Any CPU
		{32A7AA59-5129-4446-A6DC-2F581ED1A25C}.Release|Any CPU.ActiveCfg = Release|Any CPU
		{32A7AA59-5129-4446-A6DC-2F581ED1A25C}.Release|Any CPU.Build.0 = Release|Any CPU
	EndGlobalSection
	GlobalSection(SolutionProperties) = preSolution
		HideSolutionNode = FALSE
	EndGlobalSection
EndGlobal
